
Microsoft Visual Studio Solution File, Format Version 12.00
# Visual Studio Version 17
VisualStudioVersion = 17.5.002.0
MinimumVisualStudioVersion = 10.0.40219.1
Project("{9A19103F-16F7-4668-BE54-9A1E7A4F7556}") = "Task 4", "Task 4.csproj", "{67BFDDC1-0EDB-4936-A94E-3A38F7123B79}"
EndProject
Global
	GlobalSection(SolutionConfigurationPlatforms) = preSolution
		Debug|Any CPU = Debug|Any CPU
		Release|Any CPU = Release|Any CPU
	EndGlobalSection
	GlobalSection(ProjectConfigurationPlatforms) = postSolution
		{67BFDDC1-0EDB-4936-A94E-3A38F7123B79}.Debug|Any CPU.ActiveCfg = Debug|Any CPU
		{67BFDDC1-0EDB-4936-A94E-3A38F7123B79}.Debug|Any CPU.Build.0 = Debug|Any CPU
		{67BFDDC1-0EDB-4936-A94E-3A38F7123B79}.Release|Any CPU.ActiveCfg = Release|Any CPU
		{67BFDDC1-0EDB-4936-A94E-3A38F7123B79}.Release|Any CPU.Build.0 = Release|Any CPU
	EndGlobalSection
	GlobalSection(SolutionProperties) = preSolution
		HideSolutionNode = FALSE
	EndGlobalSection
	GlobalSection(ExtensibilityGlobals) = postSolution
		SolutionGuid = {5E1FF9EA-4A65-4DE9-90D7-9693B70B8DCD}
	EndGlobalSection
EndGlobal
