
Microsoft Visual Studio Solution File, Format Version 12.00
# Visual Studio Version 17
VisualStudioVersion = 17.5.002.0
MinimumVisualStudioVersion = 10.0.40219.1
Project("{9A19103F-16F7-4668-BE54-9A1E7A4F7556}") = "Task 2", "Task 2.csproj", "{3F23A6E0-67F0-4DC1-BF46-6EC143F022EA}"
EndProject
Global
	GlobalSection(SolutionConfigurationPlatforms) = preSolution
		Debug|Any CPU = Debug|Any CPU
		Release|Any CPU = Release|Any CPU
	EndGlobalSection
	GlobalSection(ProjectConfigurationPlatforms) = postSolution
		{3F23A6E0-67F0-4DC1-BF46-6EC143F022EA}.Debug|Any CPU.ActiveCfg = Debug|Any CPU
		{3F23A6E0-67F0-4DC1-BF46-6EC143F022EA}.Debug|Any CPU.Build.0 = Debug|Any CPU
		{3F23A6E0-67F0-4DC1-BF46-6EC143F022EA}.Release|Any CPU.ActiveCfg = Release|Any CPU
		{3F23A6E0-67F0-4DC1-BF46-6EC143F022EA}.Release|Any CPU.Build.0 = Release|Any CPU
	EndGlobalSection
	GlobalSection(SolutionProperties) = preSolution
		HideSolutionNode = FALSE
	EndGlobalSection
	GlobalSection(ExtensibilityGlobals) = postSolution
		SolutionGuid = {A36E4DB8-3B2C-4D0D-81BA-B27D3839064C}
	EndGlobalSection
EndGlobal
